
Microsoft Visual Studio Solution File, Format Version 12.00
Project("{FAE04EC0-301F-11D3-BF4B-00C04F79EFBC}") = "Api.Capiflix", "Api.Capiflix\Api.Capiflix.csproj", "{35110A99-9A85-4002-8A96-54BF8D90776E}"
EndProject
Global
	GlobalSection(SolutionConfigurationPlatforms) = preSolution
		Debug|Any CPU = Debug|Any CPU
		Release|Any CPU = Release|Any CPU
	EndGlobalSection
	GlobalSection(ProjectConfigurationPlatforms) = postSolution
		{35110A99-9A85-4002-8A96-54BF8D90776E}.Debug|Any CPU.ActiveCfg = Debug|Any CPU
		{35110A99-9A85-4002-8A96-54BF8D90776E}.Debug|Any CPU.Build.0 = Debug|Any CPU
		{35110A99-9A85-4002-8A96-54BF8D90776E}.Release|Any CPU.ActiveCfg = Release|Any CPU
		{35110A99-9A85-4002-8A96-54BF8D90776E}.Release|Any CPU.Build.0 = Release|Any CPU
	EndGlobalSection
EndGlobal
